{
  "name": "priyanka",
  "lockfileVersion": 3,
  "requires": true,
  "packages": {
    "": {
      "dependencies": {
        "@react-spring/parallax": "^9.7.1"
      }
    },
    "node_modules/@react-spring/animated": {
      "version": "9.7.1",
      "resolved": "https://registry.npmjs.org/@react-spring/animated/-/animated-9.7.1.tgz",
      "integrity": "sha512-EX5KAD9y7sD43TnLeTNG1MgUVpuRO1YaSJRPawHNRgUWYfILge3s85anny4S4eTJGpdp5OoFV2kx9fsfeo0qsw==",
      "dependencies": {
        "@react-spring/shared": "~9.7.1",
        "@react-spring/types": "~9.7.1"
      },
      "peerDependencies": {
        "react": "^16.8.0 || ^17.0.0 || ^18.0.0"
      }
    },
    "node_modules/@react-spring/core": {
      "version": "9.7.1",
      "resolved": "https://registry.npmjs.org/@react-spring/core/-/core-9.7.1.tgz",
      "integrity": "sha512-8K9/FaRn5VvMa24mbwYxwkALnAAyMRdmQXrARZLcBW2vxLJ6uw9Cy3d06Z8M12kEqF2bDlccaCSDsn2bSz+Q4A==",
      "dependencies": {
        "@react-spring/animated": "~9.7.1",
        "@react-spring/rafz": "~9.7.1",
        "@react-spring/shared": "~9.7.1",
        "@react-spring/types": "~9.7.1"
      },
      "funding": {
        "type": "opencollective",
        "url": "https://opencollective.com/react-spring/donate"
      },
      "peerDependencies": {
        "react": "^16.8.0 || ^17.0.0 || ^18.0.0"
      }
    },
    "node_modules/@react-spring/parallax": {
      "version": "9.7.1",
      "resolved": "https://registry.npmjs.org/@react-spring/parallax/-/parallax-9.7.1.tgz",
      "integrity": "sha512-1wBgDYaewB8CHdMWa2O3C2Cfvq2mt+neQLZz3+zHTH0CRUlbzC8Hsm78BCDiK8I1QzpLCtgwvv2rYAJchQuZ1A==",
      "dependencies": {
        "@react-spring/shared": "~9.7.1",
        "@react-spring/web": "~9.7.1"
      },
      "peerDependencies": {
        "react": "^16.8.0 || ^17.0.0 || ^18.0.0",
        "react-dom": "^16.8.0 || ^17.0.0 || ^18.0.0"
      }
    },
    "node_modules/@react-spring/rafz": {
      "version": "9.7.1",
      "resolved": "https://registry.npmjs.org/@react-spring/rafz/-/rafz-9.7.1.tgz",
      "integrity": "sha512-JSsrRfbEJvuE3w/uvU3mCTuWwpQcBXkwoW14lBgzK9XJhuxmscGo59AgJUpFkGOiGAVXFBGB+nEXtSinFsopgw=="
    },
    "node_modules/@react-spring/shared": {
      "version": "9.7.1",
      "resolved": "https://registry.npmjs.org/@react-spring/shared/-/shared-9.7.1.tgz",
      "integrity": "sha512-R2kZ+VOO6IBeIAYTIA3C1XZ0ZVg/dDP5FKtWaY8k5akMer9iqf5H9BU0jyt3Qtxn0qQY7whQdf6MTcWtKeaawg==",
      "dependencies": {
        "@react-spring/rafz": "~9.7.1",
        "@react-spring/types": "~9.7.1"
      },
      "peerDependencies": {
        "react": "^16.8.0 || ^17.0.0 || ^18.0.0"
      }
    },
    "node_modules/@react-spring/types": {
      "version": "9.7.1",
      "resolved": "https://registry.npmjs.org/@react-spring/types/-/types-9.7.1.tgz",
      "integrity": "sha512-yBcyfKUeZv9wf/ZFrQszvhSPuDx6Py6yMJzpMnS+zxcZmhXPeOCKZSHwqrUz1WxvuRckUhlgb7eNI/x5e1e8CA=="
    },
    "node_modules/@react-spring/web": {
      "version": "9.7.1",
      "resolved": "https://registry.npmjs.org/@react-spring/web/-/web-9.7.1.tgz",
      "integrity": "sha512-6uUE5MyKqdrJnIJqlDN/AXf3i8PjOQzUuT26nkpsYxUGOk7c+vZVPcfrExLSoKzTb9kF0i66DcqzO5fXz/Z1AA==",
      "dependencies": {
        "@react-spring/animated": "~9.7.1",
        "@react-spring/core": "~9.7.1",
        "@react-spring/shared": "~9.7.1",
        "@react-spring/types": "~9.7.1"
      },
      "peerDependencies": {
        "react": "^16.8.0 || ^17.0.0 || ^18.0.0",
        "react-dom": "^16.8.0 || ^17.0.0 || ^18.0.0"
      }
    },
    "node_modules/js-tokens": {
      "version": "4.0.0",
      "resolved": "https://registry.npmjs.org/js-tokens/-/js-tokens-4.0.0.tgz",
      "integrity": "sha512-RdJUflcE3cUzKiMqQgsCu06FPu9UdIJO0beYbPhHN4k6apgJtifcoCtT9bcxOpYBtpD2kCM6Sbzg4CausW/PKQ==",
      "peer": true
    },
    "node_modules/loose-envify": {
      "version": "1.4.0",
      "resolved": "https://registry.npmjs.org/loose-envify/-/loose-envify-1.4.0.tgz",
      "integrity": "sha512-lyuxPGr/Wfhrlem2CL/UcnUc1zcqKAImBDzukY7Y5F/yQiNdko6+fRLevlw1HgMySw7f611UIY408EtxRSoK3Q==",
      "peer": true,
      "dependencies": {
        "js-tokens": "^3.0.0 || ^4.0.0"
      },
      "bin": {
        "loose-envify": "cli.js"
      }
    },
    "node_modules/react": {
      "version": "18.2.0",
      "resolved": "https://registry.npmjs.org/react/-/react-18.2.0.tgz",
      "integrity": "sha512-/3IjMdb2L9QbBdWiW5e3P2/npwMBaU9mHCSCUzNln0ZCYbcfTsGbTJrU/kGemdH2IWmB2ioZ+zkxtmq6g09fGQ==",
      "peer": true,
      "dependencies": {
        "loose-envify": "^1.1.0"
      },
      "engines": {
        "node": ">=0.10.0"
      }
    },
    "node_modules/react-dom": {
      "version": "18.2.0",
      "resolved": "https://registry.npmjs.org/react-dom/-/react-dom-18.2.0.tgz",
      "integrity": "sha512-6IMTriUmvsjHUjNtEDudZfuDQUoWXVxKHhlEGSk81n4YFS+r/Kl99wXiwlVXtPBtJenozv2P+hxDsw9eA7Xo6g==",
      "peer": true,
      "dependencies": {
        "loose-envify": "^1.1.0",
        "scheduler": "^0.23.0"
      },
      "peerDependencies": {
        "react": "^18.2.0"
      }
    },
    "node_modules/scheduler": {
      "version": "0.23.0",
      "resolved": "https://registry.npmjs.org/scheduler/-/scheduler-0.23.0.tgz",
      "integrity": "sha512-CtuThmgHNg7zIZWAXi3AsyIzA3n4xx7aNyjwC2VJldO2LMVDhFK+63xGqq6CsJH4rTAt6/M+N4GhZiDYPx9eUw==",
      "peer": true,
      "dependencies": {
        "loose-envify": "^1.1.0"
      }
    }
  }
}
